# This file was autogenerated by Stack.
# You should not edit this file by hand.
# For more information, please see the documentation at:
#   https://docs.haskellstack.org/en/stable/lock_files

packages:
- completed:
    hackage: dhall-1.30.0@sha256:38d6c37fda7fc5d32bd90cd6172efe25a4eb7c9949c0ce015a4be500c7825fdd,32875
    pantry-tree:
      size: 248056
      sha256: 04ab967ef886c3cbf95cef574d8e906a81be3cb56ca192921ea280aaf1fa0f42
  original:
    hackage: dhall-1.30.0@sha256:38d6c37fda7fc5d32bd90cd6172efe25a4eb7c9949c0ce015a4be500c7825fdd,32875
- completed:
    hackage: sqlite-simple-0.4.18.0@sha256:3ceea56375c0a3590c814e411a4eb86943f8d31b93b110ca159c90689b6b39e5,3002
    pantry-tree:
      size: 1930
      sha256: e58b9955e483d51ee0966f8ba4384305d871480e2a38b32ee0fcd4573d74cf95
  original:
    hackage: sqlite-simple-0.4.18.0@sha256:3ceea56375c0a3590c814e411a4eb86943f8d31b93b110ca159c90689b6b39e5,3002
- completed:
    hackage: direct-sqlite-2.3.26@sha256:04e835402f1508abca383182023e4e2b9b86297b8533afbd4e57d1a5652e0c23,3718
    pantry-tree:
      size: 770
      sha256: 11874ab21e10c5b54cd1e02a037b677dc1e2ee9986f38c599612c56654dc01c3
  original:
    hackage: direct-sqlite-2.3.26@sha256:04e835402f1508abca383182023e4e2b9b86297b8533afbd4e57d1a5652e0c23,3718
- completed:
    size: 88815
    url: https://github.com/lettier/webviewhs/archive/21ddd4b4872b2e7eb50c9735e70cfbdedf2c6c1a.tar.gz
    name: webviewhs
    version: 0.1.0.0
    sha256: 22ae32733f4d6ee9d2426bbac744738d501daff3cb3634fc8e95b8de15d3655d
    pantry-tree:
      size: 4168
      sha256: 3b13369a771be7e6b7554ae23b311f80e256c8dece6cbf69674a7c63bcedde61
  original:
    url: https://github.com/lettier/webviewhs/archive/21ddd4b4872b2e7eb50c9735e70cfbdedf2c6c1a.tar.gz
- completed:
    hackage: liquidhaskell-0.8.10.1@sha256:4d71d01c8d7b42ffd6b7a6a926dd0b2893105a8d91f1576394a490c28031e92d,15674
    pantry-tree:
      size: 69381
      sha256: e2f25ebf7b83c10cf432a1fe33bd40fdb0ed361931416a2f93da80bd32f12032
  original:
    hackage: liquidhaskell-0.8.10.1@sha256:4d71d01c8d7b42ffd6b7a6a926dd0b2893105a8d91f1576394a490c28031e92d,15674
- completed:
    hackage: Diff-0.3.4@sha256:5ab20a407f9e65d13b642c3cd414906a40280343a31b388f6ed69b9228fe42c1,1127
    pantry-tree:
      size: 416
      sha256: 48d1b942ff99293d69a8ca4ea60f372093e5aeea73f63d11829ceca01d63c7fd
  original:
    hackage: Diff-0.3.4@sha256:5ab20a407f9e65d13b642c3cd414906a40280343a31b388f6ed69b9228fe42c1,1127
- completed:
    hackage: liquid-fixpoint-0.8.10.1@sha256:7b40e5d29b72504014fc289bb4807330996c63b37fc33b40a906664c1ea074b1,7291
    pantry-tree:
      size: 14011
      sha256: 6bde6d15104bc05dfcede4eb85469adc333844660ca7f8404eeebe6a6d401065
  original:
    hackage: liquid-fixpoint-0.8.10.1@sha256:7b40e5d29b72504014fc289bb4807330996c63b37fc33b40a906664c1ea074b1,7291
- completed:
    hackage: text-format-0.3.2@sha256:2a3fc17cf87120fcfdbca62a0da59759755549285841cdc1483081c35fb3d115,1814
    pantry-tree:
      size: 1029
      sha256: 2db26ddb77184186e0d5b2b020bdfbeb044c168024767b1fa3691682ca618896
  original:
    hackage: text-format-0.3.2@sha256:2a3fc17cf87120fcfdbca62a0da59759755549285841cdc1483081c35fb3d115,1814
- completed:
    hackage: hex-text-0.1.0.0@sha256:52dc2cf5ce45f7d86ea5e56e2ac57820f788c10bbb3fe83f6d57e678a426305b,1072
    pantry-tree:
      size: 314
      sha256: 84ce6d618602d39e89e28b1a9cc41f0def4786d7046ac0a742557b5ab5381466
  original:
    hackage: hex-text-0.1.0.0@sha256:52dc2cf5ce45f7d86ea5e56e2ac57820f788c10bbb3fe83f6d57e678a426305b,1072
snapshots:
- completed:
    size: 521290
    url: https://raw.githubusercontent.com/commercialhaskell/stackage-snapshots/master/nightly/2020/8/20.yaml
    sha256: bd6e924dd6683540b88b47dfaf91ac46e85b48d09be6e10c16d632ec5031fbd8
  original: nightly-2020-08-20
