# This file was autogenerated by Stack.
# You should not edit this file by hand.
# For more information, please see the documentation at:
#   https://docs.haskellstack.org/en/stable/lock_files

packages: []
snapshots:
- completed:
    size: 580403
    url: https://raw.githubusercontent.com/commercialhaskell/stackage-snapshots/master/nightly/2021/9/11.yaml
    sha256: c886dcde7f52020c00ec2a4ffaeee9fb70c054e0714e0bbe583beb0cceb5ede9
  original: nightly-2021-09-11
